
Microsoft Visual Studio Solution File, Format Version 12.00
# Visual Studio 14
VisualStudioVersion = 14.0.25420.1
MinimumVisualStudioVersion = 10.0.40219.1
Project("{FAE04EC0-301F-11D3-BF4B-00C04F79EFBC}") = "TodoCycle", "TodoCycle\TodoCycle.csproj", "{04869523-A980-42A7-BF31-E57984A0E724}"
EndProject
Project("{2150E333-8FDC-42A3-9474-1A3956D46DE8}") = "Infrastructure", "Infrastructure", "{5665316C-FD8A-44D4-BFBC-675D0820B910}"
EndProject
Project("{2150E333-8FDC-42A3-9474-1A3956D46DE8}") = "Core", "Core", "{59389F10-0B14-4A0B-8B52-56D656B6C4FE}"
EndProject
Global
	GlobalSection(SolutionConfigurationPlatforms) = preSolution
		Debug|Any CPU = Debug|Any CPU
		Release|Any CPU = Release|Any CPU
	EndGlobalSection
	GlobalSection(ProjectConfigurationPlatforms) = postSolution
		{04869523-A980-42A7-BF31-E57984A0E724}.Debug|Any CPU.ActiveCfg = Debug|Any CPU
		{04869523-A980-42A7-BF31-E57984A0E724}.Debug|Any CPU.Build.0 = Debug|Any CPU
		{04869523-A980-42A7-BF31-E57984A0E724}.Release|Any CPU.ActiveCfg = Release|Any CPU
		{04869523-A980-42A7-BF31-E57984A0E724}.Release|Any CPU.Build.0 = Release|Any CPU
	EndGlobalSection
	GlobalSection(SolutionProperties) = preSolution
		HideSolutionNode = FALSE
	EndGlobalSection
	GlobalSection(NestedProjects) = preSolution
		{04869523-A980-42A7-BF31-E57984A0E724} = {5665316C-FD8A-44D4-BFBC-675D0820B910}
	EndGlobalSection
EndGlobal
