
Microsoft Visual Studio Solution File, Format Version 12.00
# Visual Studio 14
VisualStudioVersion = 14.0.25420.1
MinimumVisualStudioVersion = 10.0.40219.1
Project("{FAE04EC0-301F-11D3-BF4B-00C04F79EFBC}") = "TodoCycle.Web", "TodoCycle.Web\TodoCycle.Web.csproj", "{CD6D3239-178A-4F56-814C-891A76CDADE2}"
EndProject
Project("{FAE04EC0-301F-11D3-BF4B-00C04F79EFBC}") = "TodoCycle.SqlDatabase", "TodoCycle.SqlDatabase\TodoCycle.SqlDatabase.csproj", "{A10CF5CD-B54A-4B4D-AAA8-A90EEF6E088D}"
EndProject
Global
	GlobalSection(SolutionConfigurationPlatforms) = preSolution
		Debug|Any CPU = Debug|Any CPU
		Release|Any CPU = Release|Any CPU
	EndGlobalSection
	GlobalSection(ProjectConfigurationPlatforms) = postSolution
		{CD6D3239-178A-4F56-814C-891A76CDADE2}.Debug|Any CPU.ActiveCfg = Debug|Any CPU
		{CD6D3239-178A-4F56-814C-891A76CDADE2}.Debug|Any CPU.Build.0 = Debug|Any CPU
		{CD6D3239-178A-4F56-814C-891A76CDADE2}.Release|Any CPU.ActiveCfg = Release|Any CPU
		{CD6D3239-178A-4F56-814C-891A76CDADE2}.Release|Any CPU.Build.0 = Release|Any CPU
		{A10CF5CD-B54A-4B4D-AAA8-A90EEF6E088D}.Debug|Any CPU.ActiveCfg = Debug|Any CPU
		{A10CF5CD-B54A-4B4D-AAA8-A90EEF6E088D}.Debug|Any CPU.Build.0 = Debug|Any CPU
		{A10CF5CD-B54A-4B4D-AAA8-A90EEF6E088D}.Release|Any CPU.ActiveCfg = Release|Any CPU
		{A10CF5CD-B54A-4B4D-AAA8-A90EEF6E088D}.Release|Any CPU.Build.0 = Release|Any CPU
	EndGlobalSection
	GlobalSection(SolutionProperties) = preSolution
		HideSolutionNode = FALSE
	EndGlobalSection
EndGlobal
